<?xml version="1.0" encoding="UTF-8"?>
<CodeBlocks_project_file>
	<FileVersion major="1" minor="6"/>
	<Project>
		<Option title="Gauss"/>
		<Option makefile_is_custom="1"/>
		<Option compiler="gcc"/>
		<Option virtualFolders="CMake Files\;CMake Files\..\;CMake Files\..\..\;CMake Files\..\..\..\;CMake Files\..\..\..\..\;CMake Files\..\..\..\..\usr\;CMake Files\..\..\..\..\usr\share\;CMake Files\..\..\..\..\usr\share\qtcreator\;CMake Files\..\..\..\..\usr\share\qtcreator\package-manager\;CMake Files\..\..\..\..\usr\lib\;CMake Files\..\..\..\..\usr\lib\x86_64-linux-gnu\;CMake Files\..\..\..\..\usr\lib\x86_64-linux-gnu\cmake\;CMake Files\..\..\..\..\usr\lib\x86_64-linux-gnu\cmake\Qt5\;CMake Files\..\..\..\..\usr\lib\x86_64-linux-gnu\cmake\Qt5Core\;"/>
		<Build>
			<Target title="all">
				<Option working_dir="/home/sawert/qtprojects/build-Gauss-unknown-Debug"/>
				<Option type="4"/>
				<MakeCommands>
					<Build command="/usr/bin/gmake -j2 -f &quot;/home/sawert/qtprojects/build-Gauss-unknown-Debug/Makefile&quot;  VERBOSE=1 all"/>
					<CompileFile command="/usr/bin/gmake -j2 -f &quot;/home/sawert/qtprojects/build-Gauss-unknown-Debug/Makefile&quot;  VERBOSE=1 &quot;$file&quot;"/>
					<Clean command="/usr/bin/gmake -j2 -f &quot;/home/sawert/qtprojects/build-Gauss-unknown-Debug/Makefile&quot;  VERBOSE=1 clean"/>
					<DistClean command="/usr/bin/gmake -j2 -f &quot;/home/sawert/qtprojects/build-Gauss-unknown-Debug/Makefile&quot;  VERBOSE=1 clean"/>
				</MakeCommands>
			</Target>
			<Target title="Gauss">
				<Option output="/home/sawert/qtprojects/build-Gauss-unknown-Debug/Gauss" prefix_auto="0" extension_auto="0"/>
				<Option working_dir="/home/sawert/qtprojects/build-Gauss-unknown-Debug"/>
				<Option object_output="./"/>
				<Option type="1"/>
				<Option compiler="gcc"/>
				<Compiler>
					<Add option="-DQT_CORE_LIB"/>
					<Add directory="/home/sawert/qtprojects/build-Gauss-unknown-Debug"/>
					<Add directory="/home/sawert/qtprojects/Gauss"/>
					<Add directory="/home/sawert/qtprojects/build-Gauss-unknown-Debug/Gauss_autogen/include"/>
					<Add directory="/usr/include/x86_64-linux-gnu/qt5"/>
					<Add directory="/usr/include/x86_64-linux-gnu/qt5/QtCore"/>
					<Add directory="/usr/lib/x86_64-linux-gnu/qt5/mkspecs/linux-g++"/>
					<Add directory="/usr/include/c++/11"/>
					<Add directory="/usr/include/x86_64-linux-gnu/c++/11"/>
					<Add directory="/usr/include/c++/11/backward"/>
					<Add directory="/usr/lib/gcc/x86_64-linux-gnu/11/include"/>
					<Add directory="/usr/local/include"/>
					<Add directory="/usr/include/x86_64-linux-gnu"/>
					<Add directory="/usr/include"/>
				</Compiler>
				<MakeCommands>
					<Build command="/usr/bin/gmake -j2 -f &quot;/home/sawert/qtprojects/build-Gauss-unknown-Debug/Makefile&quot;  VERBOSE=1 Gauss"/>
					<CompileFile command="/usr/bin/gmake -j2 -f &quot;/home/sawert/qtprojects/build-Gauss-unknown-Debug/Makefile&quot;  VERBOSE=1 &quot;$file&quot;"/>
					<Clean command="/usr/bin/gmake -j2 -f &quot;/home/sawert/qtprojects/build-Gauss-unknown-Debug/Makefile&quot;  VERBOSE=1 clean"/>
					<DistClean command="/usr/bin/gmake -j2 -f &quot;/home/sawert/qtprojects/build-Gauss-unknown-Debug/Makefile&quot;  VERBOSE=1 clean"/>
				</MakeCommands>
			</Target>
			<Target title="Gauss/fast">
				<Option output="/home/sawert/qtprojects/build-Gauss-unknown-Debug/Gauss" prefix_auto="0" extension_auto="0"/>
				<Option working_dir="/home/sawert/qtprojects/build-Gauss-unknown-Debug"/>
				<Option object_output="./"/>
				<Option type="1"/>
				<Option compiler="gcc"/>
				<Compiler>
					<Add option="-DQT_CORE_LIB"/>
					<Add directory="/home/sawert/qtprojects/build-Gauss-unknown-Debug"/>
					<Add directory="/home/sawert/qtprojects/Gauss"/>
					<Add directory="/home/sawert/qtprojects/build-Gauss-unknown-Debug/Gauss_autogen/include"/>
					<Add directory="/usr/include/x86_64-linux-gnu/qt5"/>
					<Add directory="/usr/include/x86_64-linux-gnu/qt5/QtCore"/>
					<Add directory="/usr/lib/x86_64-linux-gnu/qt5/mkspecs/linux-g++"/>
					<Add directory="/usr/include/c++/11"/>
					<Add directory="/usr/include/x86_64-linux-gnu/c++/11"/>
					<Add directory="/usr/include/c++/11/backward"/>
					<Add directory="/usr/lib/gcc/x86_64-linux-gnu/11/include"/>
					<Add directory="/usr/local/include"/>
					<Add directory="/usr/include/x86_64-linux-gnu"/>
					<Add directory="/usr/include"/>
				</Compiler>
				<MakeCommands>
					<Build command="/usr/bin/gmake -j2 -f &quot;/home/sawert/qtprojects/build-Gauss-unknown-Debug/Makefile&quot;  VERBOSE=1 Gauss/fast"/>
					<CompileFile command="/usr/bin/gmake -j2 -f &quot;/home/sawert/qtprojects/build-Gauss-unknown-Debug/Makefile&quot;  VERBOSE=1 &quot;$file&quot;"/>
					<Clean command="/usr/bin/gmake -j2 -f &quot;/home/sawert/qtprojects/build-Gauss-unknown-Debug/Makefile&quot;  VERBOSE=1 clean"/>
					<DistClean command="/usr/bin/gmake -j2 -f &quot;/home/sawert/qtprojects/build-Gauss-unknown-Debug/Makefile&quot;  VERBOSE=1 clean"/>
				</MakeCommands>
			</Target>
			<Target title="edit_cache">
				<Option working_dir="/home/sawert/qtprojects/build-Gauss-unknown-Debug"/>
				<Option type="4"/>
				<MakeCommands>
					<Build command="/usr/bin/gmake -j2 -f &quot;/home/sawert/qtprojects/build-Gauss-unknown-Debug/Makefile&quot;  VERBOSE=1 edit_cache"/>
					<CompileFile command="/usr/bin/gmake -j2 -f &quot;/home/sawert/qtprojects/build-Gauss-unknown-Debug/Makefile&quot;  VERBOSE=1 &quot;$file&quot;"/>
					<Clean command="/usr/bin/gmake -j2 -f &quot;/home/sawert/qtprojects/build-Gauss-unknown-Debug/Makefile&quot;  VERBOSE=1 clean"/>
					<DistClean command="/usr/bin/gmake -j2 -f &quot;/home/sawert/qtprojects/build-Gauss-unknown-Debug/Makefile&quot;  VERBOSE=1 clean"/>
				</MakeCommands>
			</Target>
			<Target title="rebuild_cache">
				<Option working_dir="/home/sawert/qtprojects/build-Gauss-unknown-Debug"/>
				<Option type="4"/>
				<MakeCommands>
					<Build command="/usr/bin/gmake -j2 -f &quot;/home/sawert/qtprojects/build-Gauss-unknown-Debug/Makefile&quot;  VERBOSE=1 rebuild_cache"/>
					<CompileFile command="/usr/bin/gmake -j2 -f &quot;/home/sawert/qtprojects/build-Gauss-unknown-Debug/Makefile&quot;  VERBOSE=1 &quot;$file&quot;"/>
					<Clean command="/usr/bin/gmake -j2 -f &quot;/home/sawert/qtprojects/build-Gauss-unknown-Debug/Makefile&quot;  VERBOSE=1 clean"/>
					<DistClean command="/usr/bin/gmake -j2 -f &quot;/home/sawert/qtprojects/build-Gauss-unknown-Debug/Makefile&quot;  VERBOSE=1 clean"/>
				</MakeCommands>
			</Target>
			<Target title="Gauss_autogen">
				<Option working_dir="/home/sawert/qtprojects/build-Gauss-unknown-Debug"/>
				<Option type="4"/>
				<MakeCommands>
					<Build command="/usr/bin/gmake -j2 -f &quot;/home/sawert/qtprojects/build-Gauss-unknown-Debug/Makefile&quot;  VERBOSE=1 Gauss_autogen"/>
					<CompileFile command="/usr/bin/gmake -j2 -f &quot;/home/sawert/qtprojects/build-Gauss-unknown-Debug/Makefile&quot;  VERBOSE=1 &quot;$file&quot;"/>
					<Clean command="/usr/bin/gmake -j2 -f &quot;/home/sawert/qtprojects/build-Gauss-unknown-Debug/Makefile&quot;  VERBOSE=1 clean"/>
					<DistClean command="/usr/bin/gmake -j2 -f &quot;/home/sawert/qtprojects/build-Gauss-unknown-Debug/Makefile&quot;  VERBOSE=1 clean"/>
				</MakeCommands>
			</Target>
		</Build>
		<Unit filename="/home/sawert/qtprojects/Gauss/input.txt">
			<Option target="Gauss"/>
		</Unit>
		<Unit filename="/home/sawert/qtprojects/Gauss/main.cpp">
			<Option target="Gauss"/>
		</Unit>
		<Unit filename="/home/sawert/qtprojects/Gauss/matrix.txt">
			<Option target="Gauss"/>
		</Unit>
		<Unit filename="/home/sawert/qtprojects/build-Gauss-unknown-Debug/Gauss_autogen/mocs_compilation.cpp">
			<Option target="Gauss"/>
		</Unit>
		<Unit filename="/home/sawert/qtprojects/Gauss/CMakeLists.txt">
			<Option virtualFolder="CMake Files\"/>
		</Unit>
		<Unit filename="/home/sawert/qtprojects/Gauss/../../../../usr/share/qtcreator/package-manager/auto-setup.cmake">
			<Option virtualFolder="CMake Files\..\..\..\..\usr\share\qtcreator\package-manager\"/>
		</Unit>
		<Unit filename="/home/sawert/qtprojects/Gauss/../../../../usr/lib/x86_64-linux-gnu/cmake/Qt5/Qt5Config.cmake">
			<Option virtualFolder="CMake Files\..\..\..\..\usr\lib\x86_64-linux-gnu\cmake\Qt5\"/>
		</Unit>
		<Unit filename="/home/sawert/qtprojects/Gauss/../../../../usr/lib/x86_64-linux-gnu/cmake/Qt5/Qt5ConfigVersion.cmake">
			<Option virtualFolder="CMake Files\..\..\..\..\usr\lib\x86_64-linux-gnu\cmake\Qt5\"/>
		</Unit>
		<Unit filename="/home/sawert/qtprojects/Gauss/../../../../usr/lib/x86_64-linux-gnu/cmake/Qt5/Qt5ModuleLocation.cmake">
			<Option virtualFolder="CMake Files\..\..\..\..\usr\lib\x86_64-linux-gnu\cmake\Qt5\"/>
		</Unit>
		<Unit filename="/home/sawert/qtprojects/Gauss/../../../../usr/lib/x86_64-linux-gnu/cmake/Qt5Core/Qt5CoreConfig.cmake">
			<Option virtualFolder="CMake Files\..\..\..\..\usr\lib\x86_64-linux-gnu\cmake\Qt5Core\"/>
		</Unit>
		<Unit filename="/home/sawert/qtprojects/Gauss/../../../../usr/lib/x86_64-linux-gnu/cmake/Qt5Core/Qt5CoreConfigExtras.cmake">
			<Option virtualFolder="CMake Files\..\..\..\..\usr\lib\x86_64-linux-gnu\cmake\Qt5Core\"/>
		</Unit>
		<Unit filename="/home/sawert/qtprojects/Gauss/../../../../usr/lib/x86_64-linux-gnu/cmake/Qt5Core/Qt5CoreConfigExtrasMkspecDir.cmake">
			<Option virtualFolder="CMake Files\..\..\..\..\usr\lib\x86_64-linux-gnu\cmake\Qt5Core\"/>
		</Unit>
		<Unit filename="/home/sawert/qtprojects/Gauss/../../../../usr/lib/x86_64-linux-gnu/cmake/Qt5Core/Qt5CoreConfigVersion.cmake">
			<Option virtualFolder="CMake Files\..\..\..\..\usr\lib\x86_64-linux-gnu\cmake\Qt5Core\"/>
		</Unit>
		<Unit filename="/home/sawert/qtprojects/Gauss/../../../../usr/lib/x86_64-linux-gnu/cmake/Qt5Core/Qt5CoreMacros.cmake">
			<Option virtualFolder="CMake Files\..\..\..\..\usr\lib\x86_64-linux-gnu\cmake\Qt5Core\"/>
		</Unit>
	</Project>
</CodeBlocks_project_file>
